
Microsoft Visual Studio Solution File, Format Version 12.00
# Visual Studio Version 16
VisualStudioVersion = 16.0.29728.190
MinimumVisualStudioVersion = 10.0.40219.1
Project("{FAE04EC0-301F-11D3-BF4B-00C04F79EFBC}") = "laboratoryWork62", "laboratoryWork62.csproj", "{1CA50F02-CDB4-4B64-8109-3B515181ADE3}"
EndProject
Global
	GlobalSection(SolutionConfigurationPlatforms) = preSolution
		Debug|Any CPU = Debug|Any CPU
		Release|Any CPU = Release|Any CPU
	EndGlobalSection
	GlobalSection(ProjectConfigurationPlatforms) = postSolution
		{1CA50F02-CDB4-4B64-8109-3B515181ADE3}.Debug|Any CPU.ActiveCfg = Debug|Any CPU
		{1CA50F02-CDB4-4B64-8109-3B515181ADE3}.Debug|Any CPU.Build.0 = Debug|Any CPU
		{1CA50F02-CDB4-4B64-8109-3B515181ADE3}.Release|Any CPU.ActiveCfg = Release|Any CPU
		{1CA50F02-CDB4-4B64-8109-3B515181ADE3}.Release|Any CPU.Build.0 = Release|Any CPU
	EndGlobalSection
	GlobalSection(SolutionProperties) = preSolution
		HideSolutionNode = FALSE
	EndGlobalSection
	GlobalSection(ExtensibilityGlobals) = postSolution
		SolutionGuid = {FDEAC20A-A623-42E7-814D-E24F4C9F6D0F}
	EndGlobalSection
EndGlobal
